// !$*UTF8*$!
{
	archiveVersion = 1;
	classes = {
	};
	objectVersion = 46;
	objects = {

/* Begin PBXBuildFile section */
		17AA164C1A84F26E00B5D055 /* main.m in Sources */ = {isa = PBXBuildFile; fileRef = 17AA164B1A84F26E00B5D055 /* main.m */; };
		17AA16541A84F2B000B5D055 /* Pilha.m in Sources */ = {isa = PBXBuildFile; fileRef = 17AA16531A84F2B000B5D055 /* Pilha.m */; };
/* End PBXBuildFile section */

/* Begin PBXCopyFilesBuildPhase section */
		17AA16461A84F26E00B5D055 /* CopyFiles */ = {
			isa = PBXCopyFilesBuildPhase;
			buildActionMask = 2147483647;
			dstPath = /usr/share/man/man1/;
			dstSubfolderSpec = 0;
			files = (
			);
			runOnlyForDeploymentPostprocessing = 1;
		};
/* End PBXCopyFilesBuildPhase section */

/* Begin PBXFileReference section */
		17AA16481A84F26E00B5D055 /* EdPilha */ = {isa = PBXFileReference; explicitFileType = "compiled.mach-o.executable"; includeInIndex = 0; path = EdPilha; sourceTree = BUILT_PRODUCTS_DIR; };
		17AA164B1A84F26E00B5D055 /* main.m */ = {isa = PBXFileReference; lastKnownFileType = sourcecode.c.objc; path = main.m; sourceTree = "<group>"; };
		17AA16521A84F2B000B5D055 /* Pilha.h */ = {isa = PBXFileReference; fileEncoding = 4; lastKnownFileType = sourcecode.c.h; path = Pilha.h; sourceTree = "<group>"; };
		17AA16531A84F2B000B5D055 /* Pilha.m */ = {isa = PBXFileReference; fileEncoding = 4; lastKnownFileType = sourcecode.c.objc; path = Pilha.m; sourceTree = "<group>"; };
/* End PBXFileReference section */

/* Begin PBXFrameworksBuildPhase section */
		17AA16451A84F26E00B5D055 /* Frameworks */ = {
			isa = PBXFrameworksBuildPhase;
			buildActionMask = 2147483647;
			files = (
			);
			runOnlyForDeploymentPostprocessing = 0;
		};
/* End PBXFrameworksBuildPhase section */

/* Begin PBXGroup section */
		17AA163F1A84F26E00B5D055 = {
			isa = PBXGroup;
			children = (
				17AA164A1A84F26E00B5D055 /* EdPilha */,
				17AA16491A84F26E00B5D055 /* Products */,
			);
			sourceTree = "<group>";
		};
		17AA16491A84F26E00B5D055 /* Products */ = {
			isa = PBXGroup;
			children = (
				17AA16481A84F26E00B5D055 /* EdPilha */,
			);
			name = Products;
			sourceTree = "<group>";
		};
		17AA164A1A84F26E00B5D055 /* EdPilha */ = {
			isa = PBXGroup;
			children = (
				17AA164B1A84F26E00B5D055 /* main.m */,
				17AA16521A84F2B000B5D055 /* Pilha.h */,
				17AA16531A84F2B000B5D055 /* Pilha.m */,
			);
			path = EdPilha;
			sourceTree = "<group>";
		};
/* End PBXGroup section */

/* Begin PBXNativeTarget section */
		17AA16471A84F26E00B5D055 /* EdPilha */ = {
			isa = PBXNativeTarget;
			buildConfigurationList = 17AA164F1A84F26E00B5D055 /* Build configuration list for PBXNativeTarget "EdPilha" */;
			buildPhases = (
				17AA16441A84F26E00B5D055 /* Sources */,
				17AA16451A84F26E00B5D055 /* Frameworks */,
				17AA16461A84F26E00B5D055 /* CopyFiles */,
			);
			buildRules = (
			);
			dependencies = (
			);
			name = EdPilha;
			productName = EdPilha;
			productReference = 17AA16481A84F26E00B5D055 /* EdPilha */;
			productType = "com.apple.product-type.tool";
		};
/* End PBXNativeTarget section */

/* Begin PBXProject section */
		17AA16401A84F26E00B5D055 /* Project object */ = {
			isa = PBXProject;
			attributes = {
				LastUpgradeCheck = 0610;
				ORGANIZATIONNAME = "Guilherme Bayma";
				TargetAttributes = {
					17AA16471A84F26E00B5D055 = {
						CreatedOnToolsVersion = 6.1.1;
					};
				};
			};
			buildConfigurationList = 17AA16431A84F26E00B5D055 /* Build configuration list for PBXProject "EdPilha" */;
			compatibilityVersion = "Xcode 3.2";
			developmentRegion = English;
			hasScannedForEncodings = 0;
			knownRegions = (
				en,
			);
			mainGroup = 17AA163F1A84F26E00B5D055;
			productRefGroup = 17AA16491A84F26E00B5D055 /* Products */;
			projectDirPath = "";
			projectRoot = "";
			targets = (
				17AA16471A84F26E00B5D055 /* EdPilha */,
			);
		};
/* End PBXProject section */

/* Begin PBXSourcesBuildPhase section */
		17AA16441A84F26E00B5D055 /* Sources */ = {
			isa = PBXSourcesBuildPhase;
			buildActionMask = 2147483647;
			files = (
				17AA16541A84F2B000B5D055 /* Pilha.m in Sources */,
				17AA164C1A84F26E00B5D055 /* main.m in Sources */,
			);
			runOnlyForDeploymentPostprocessing = 0;
		};
/* End PBXSourcesBuildPhase section */

/* Begin XCBuildConfiguration section */
		17AA164D1A84F26E00B5D055 /* Debug */ = {
			isa = XCBuildConfiguration;
			buildSettings = {
				ALWAYS_SEARCH_USER_PATHS = NO;
				CLANG_CXX_LANGUAGE_STANDARD = "gnu++0x";
				CLANG_CXX_LIBRARY = "libc++";
				CLANG_ENABLE_MODULES = YES;
				CLANG_ENABLE_OBJC_ARC = YES;
				CLANG_WARN_BOOL_CONVERSION = YES;
				CLANG_WARN_CONSTANT_CONVERSION = YES;
				CLANG_WARN_DIRECT_OBJC_ISA_USAGE = YES_ERROR;
				CLANG_WARN_EMPTY_BODY = YES;
				CLANG_WARN_ENUM_CONVERSION = YES;
				CLANG_WARN_INT_CONVERSION = YES;
				CLANG_WARN_OBJC_ROOT_CLASS = YES_ERROR;
				CLANG_WARN_UNREACHABLE_CODE = YES;
				CLANG_WARN__DUPLICATE_METHOD_MATCH = YES;
				COPY_PHASE_STRIP = NO;
				ENABLE_STRICT_OBJC_MSGSEND = YES;
				GCC_C_LANGUAGE_STANDARD = gnu99;
				GCC_DYNAMIC_NO_PIC = NO;
				GCC_OPTIMIZATION_LEVEL = 0;
				GCC_PREPROCESSOR_DEFINITIONS = (
					"DEBUG=1",
					"$(inherited)",
				);
				GCC_SYMBOLS_PRIVATE_EXTERN = NO;
				GCC_WARN_64_TO_32_BIT_CONVERSION = YES;
				GCC_WARN_ABOUT_RETURN_TYPE = YES_ERROR;
				GCC_WARN_UNDECLARED_SELECTOR = YES;
				GCC_WARN_UNINITIALIZED_AUTOS = YES_AGGRESSIVE;
				GCC_WARN_UNUSED_FUNCTION = YES;
				GCC_WARN_UNUSED_VARIABLE = YES;
				MACOSX_DEPLOYMENT_TARGET = 10.10;
				MTL_ENABLE_DEBUG_INFO = YES;
				ONLY_ACTIVE_ARCH = YES;
				SDKROOT = macosx;
			};
			name = Debug;
		};
		17AA164E1A84F26E00B5D055 /* Release */ = {
			isa = XCBuildConfiguration;
			buildSettings = {
				ALWAYS_SEARCH_USER_PATHS = NO;
				CLANG_CXX_LANGUAGE_STANDARD = "gnu++0x";
				CLANG_CXX_LIBRARY = "libc++";
				CLANG_ENABLE_MODULES = YES;
				CLANG_ENABLE_OBJC_ARC = YES;
				CLANG_WARN_BOOL_CONVERSION = YES;
				CLANG_WARN_CONSTANT_CONVERSION = YES;
				CLANG_WARN_DIRECT_OBJC_ISA_USAGE = YES_ERROR;
				CLANG_WARN_EMPTY_BODY = YES;
				CLANG_WARN_ENUM_CONVERSION = YES;
				CLANG_WARN_INT_CONVERSION = YES;
				CLANG_WARN_OBJC_ROOT_CLASS = YES_ERROR;
				CLANG_WARN_UNREACHABLE_CODE = YES;
				CLANG_WARN__DUPLICATE_METHOD_MATCH = YES;
				COPY_PHASE_STRIP = YES;
				DEBUG_INFORMATION_FORMAT = "dwarf-with-dsym";
				ENABLE_NS_ASSERTIONS = NO;
				ENABLE_STRICT_OBJC_MSGSEND = YES;
				GCC_C_LANGUAGE_STANDARD = gnu99;
				GCC_WARN_64_TO_32_BIT_CONVERSION = YES;
				GCC_WARN_ABOUT_RETURN_TYPE = YES_ERROR;
				GCC_WARN_UNDECLARED_SELECTOR = YES;
				GCC_WARN_UNINITIALIZED_AUTOS = YES_AGGRESSIVE;
				GCC_WARN_UNUSED_FUNCTION = YES;
				GCC_WARN_UNUSED_VARIABLE = YES;
				MACOSX_DEPLOYMENT_TARGET = 10.10;
				MTL_ENABLE_DEBUG_INFO = NO;
				SDKROOT = macosx;
			};
			name = Release;
		};
		17AA16501A84F26E00B5D055 /* Debug */ = {
			isa = XCBuildConfiguration;
			buildSettings = {
				PRODUCT_NAME = "$(TARGET_NAME)";
			};
			name = Debug;
		};
		17AA16511A84F26E00B5D055 /* Release */ = {
			isa = XCBuildConfiguration;
			buildSettings = {
				PRODUCT_NAME = "$(TARGET_NAME)";
			};
			name = Release;
		};
/* End XCBuildConfiguration section */

/* Begin XCConfigurationList section */
		17AA16431A84F26E00B5D055 /* Build configuration list for PBXProject "EdPilha" */ = {
			isa = XCConfigurationList;
			buildConfigurations = (
				17AA164D1A84F26E00B5D055 /* Debug */,
				17AA164E1A84F26E00B5D055 /* Release */,
			);
			defaultConfigurationIsVisible = 0;
			defaultConfigurationName = Release;
		};
		17AA164F1A84F26E00B5D055 /* Build configuration list for PBXNativeTarget "EdPilha" */ = {
			isa = XCConfigurationList;
			buildConfigurations = (
				17AA16501A84F26E00B5D055 /* Debug */,
				17AA16511A84F26E00B5D055 /* Release */,
			);
			defaultConfigurationIsVisible = 0;
		};
/* End XCConfigurationList section */
	};
	rootObject = 17AA16401A84F26E00B5D055 /* Project object */;
}
