// !$*UTF8*$!
{
	archiveVersion = 1;
	classes = {
	};
	objectVersion = 46;
	objects = {

/* Begin PBXBuildFile section */
		178EAA851A8256BA004E6311 /* main.m in Sources */ = {isa = PBXBuildFile; fileRef = 178EAA841A8256BA004E6311 /* main.m */; };
		178EAA8D1A8256DA004E6311 /* Empregado.m in Sources */ = {isa = PBXBuildFile; fileRef = 178EAA8C1A8256DA004E6311 /* Empregado.m */; };
/* End PBXBuildFile section */

/* Begin PBXCopyFilesBuildPhase section */
		178EAA7F1A8256BA004E6311 /* CopyFiles */ = {
			isa = PBXCopyFilesBuildPhase;
			buildActionMask = 2147483647;
			dstPath = /usr/share/man/man1/;
			dstSubfolderSpec = 0;
			files = (
			);
			runOnlyForDeploymentPostprocessing = 1;
		};
/* End PBXCopyFilesBuildPhase section */

/* Begin PBXFileReference section */
		178EAA811A8256BA004E6311 /* Atividade2 */ = {isa = PBXFileReference; explicitFileType = "compiled.mach-o.executable"; includeInIndex = 0; path = Atividade2; sourceTree = BUILT_PRODUCTS_DIR; };
		178EAA841A8256BA004E6311 /* main.m */ = {isa = PBXFileReference; lastKnownFileType = sourcecode.c.objc; path = main.m; sourceTree = "<group>"; };
		178EAA8B1A8256DA004E6311 /* Empregado.h */ = {isa = PBXFileReference; fileEncoding = 4; lastKnownFileType = sourcecode.c.h; path = Empregado.h; sourceTree = "<group>"; };
		178EAA8C1A8256DA004E6311 /* Empregado.m */ = {isa = PBXFileReference; fileEncoding = 4; lastKnownFileType = sourcecode.c.objc; path = Empregado.m; sourceTree = "<group>"; };
/* End PBXFileReference section */

/* Begin PBXFrameworksBuildPhase section */
		178EAA7E1A8256BA004E6311 /* Frameworks */ = {
			isa = PBXFrameworksBuildPhase;
			buildActionMask = 2147483647;
			files = (
			);
			runOnlyForDeploymentPostprocessing = 0;
		};
/* End PBXFrameworksBuildPhase section */

/* Begin PBXGroup section */
		178EAA781A8256BA004E6311 = {
			isa = PBXGroup;
			children = (
				178EAA831A8256BA004E6311 /* Atividade2 */,
				178EAA821A8256BA004E6311 /* Products */,
			);
			sourceTree = "<group>";
		};
		178EAA821A8256BA004E6311 /* Products */ = {
			isa = PBXGroup;
			children = (
				178EAA811A8256BA004E6311 /* Atividade2 */,
			);
			name = Products;
			sourceTree = "<group>";
		};
		178EAA831A8256BA004E6311 /* Atividade2 */ = {
			isa = PBXGroup;
			children = (
				178EAA841A8256BA004E6311 /* main.m */,
				178EAA8B1A8256DA004E6311 /* Empregado.h */,
				178EAA8C1A8256DA004E6311 /* Empregado.m */,
			);
			path = Atividade2;
			sourceTree = "<group>";
		};
/* End PBXGroup section */

/* Begin PBXNativeTarget section */
		178EAA801A8256BA004E6311 /* Atividade2 */ = {
			isa = PBXNativeTarget;
			buildConfigurationList = 178EAA881A8256BA004E6311 /* Build configuration list for PBXNativeTarget "Atividade2" */;
			buildPhases = (
				178EAA7D1A8256BA004E6311 /* Sources */,
				178EAA7E1A8256BA004E6311 /* Frameworks */,
				178EAA7F1A8256BA004E6311 /* CopyFiles */,
			);
			buildRules = (
			);
			dependencies = (
			);
			name = Atividade2;
			productName = Atividade2;
			productReference = 178EAA811A8256BA004E6311 /* Atividade2 */;
			productType = "com.apple.product-type.tool";
		};
/* End PBXNativeTarget section */

/* Begin PBXProject section */
		178EAA791A8256BA004E6311 /* Project object */ = {
			isa = PBXProject;
			attributes = {
				LastUpgradeCheck = 0610;
				ORGANIZATIONNAME = "Guilherme Bayma";
				TargetAttributes = {
					178EAA801A8256BA004E6311 = {
						CreatedOnToolsVersion = 6.1.1;
					};
				};
			};
			buildConfigurationList = 178EAA7C1A8256BA004E6311 /* Build configuration list for PBXProject "Atividade2" */;
			compatibilityVersion = "Xcode 3.2";
			developmentRegion = English;
			hasScannedForEncodings = 0;
			knownRegions = (
				en,
			);
			mainGroup = 178EAA781A8256BA004E6311;
			productRefGroup = 178EAA821A8256BA004E6311 /* Products */;
			projectDirPath = "";
			projectRoot = "";
			targets = (
				178EAA801A8256BA004E6311 /* Atividade2 */,
			);
		};
/* End PBXProject section */

/* Begin PBXSourcesBuildPhase section */
		178EAA7D1A8256BA004E6311 /* Sources */ = {
			isa = PBXSourcesBuildPhase;
			buildActionMask = 2147483647;
			files = (
				178EAA8D1A8256DA004E6311 /* Empregado.m in Sources */,
				178EAA851A8256BA004E6311 /* main.m in Sources */,
			);
			runOnlyForDeploymentPostprocessing = 0;
		};
/* End PBXSourcesBuildPhase section */

/* Begin XCBuildConfiguration section */
		178EAA861A8256BA004E6311 /* Debug */ = {
			isa = XCBuildConfiguration;
			buildSettings = {
				ALWAYS_SEARCH_USER_PATHS = NO;
				CLANG_CXX_LANGUAGE_STANDARD = "gnu++0x";
				CLANG_CXX_LIBRARY = "libc++";
				CLANG_ENABLE_MODULES = YES;
				CLANG_ENABLE_OBJC_ARC = YES;
				CLANG_WARN_BOOL_CONVERSION = YES;
				CLANG_WARN_CONSTANT_CONVERSION = YES;
				CLANG_WARN_DIRECT_OBJC_ISA_USAGE = YES_ERROR;
				CLANG_WARN_EMPTY_BODY = YES;
				CLANG_WARN_ENUM_CONVERSION = YES;
				CLANG_WARN_INT_CONVERSION = YES;
				CLANG_WARN_OBJC_ROOT_CLASS = YES_ERROR;
				CLANG_WARN_UNREACHABLE_CODE = YES;
				CLANG_WARN__DUPLICATE_METHOD_MATCH = YES;
				COPY_PHASE_STRIP = NO;
				ENABLE_STRICT_OBJC_MSGSEND = YES;
				GCC_C_LANGUAGE_STANDARD = gnu99;
				GCC_DYNAMIC_NO_PIC = NO;
				GCC_OPTIMIZATION_LEVEL = 0;
				GCC_PREPROCESSOR_DEFINITIONS = (
					"DEBUG=1",
					"$(inherited)",
				);
				GCC_SYMBOLS_PRIVATE_EXTERN = NO;
				GCC_WARN_64_TO_32_BIT_CONVERSION = YES;
				GCC_WARN_ABOUT_RETURN_TYPE = YES_ERROR;
				GCC_WARN_UNDECLARED_SELECTOR = YES;
				GCC_WARN_UNINITIALIZED_AUTOS = YES_AGGRESSIVE;
				GCC_WARN_UNUSED_FUNCTION = YES;
				GCC_WARN_UNUSED_VARIABLE = YES;
				MACOSX_DEPLOYMENT_TARGET = 10.10;
				MTL_ENABLE_DEBUG_INFO = YES;
				ONLY_ACTIVE_ARCH = YES;
				SDKROOT = macosx;
			};
			name = Debug;
		};
		178EAA871A8256BA004E6311 /* Release */ = {
			isa = XCBuildConfiguration;
			buildSettings = {
				ALWAYS_SEARCH_USER_PATHS = NO;
				CLANG_CXX_LANGUAGE_STANDARD = "gnu++0x";
				CLANG_CXX_LIBRARY = "libc++";
				CLANG_ENABLE_MODULES = YES;
				CLANG_ENABLE_OBJC_ARC = YES;
				CLANG_WARN_BOOL_CONVERSION = YES;
				CLANG_WARN_CONSTANT_CONVERSION = YES;
				CLANG_WARN_DIRECT_OBJC_ISA_USAGE = YES_ERROR;
				CLANG_WARN_EMPTY_BODY = YES;
				CLANG_WARN_ENUM_CONVERSION = YES;
				CLANG_WARN_INT_CONVERSION = YES;
				CLANG_WARN_OBJC_ROOT_CLASS = YES_ERROR;
				CLANG_WARN_UNREACHABLE_CODE = YES;
				CLANG_WARN__DUPLICATE_METHOD_MATCH = YES;
				COPY_PHASE_STRIP = YES;
				DEBUG_INFORMATION_FORMAT = "dwarf-with-dsym";
				ENABLE_NS_ASSERTIONS = NO;
				ENABLE_STRICT_OBJC_MSGSEND = YES;
				GCC_C_LANGUAGE_STANDARD = gnu99;
				GCC_WARN_64_TO_32_BIT_CONVERSION = YES;
				GCC_WARN_ABOUT_RETURN_TYPE = YES_ERROR;
				GCC_WARN_UNDECLARED_SELECTOR = YES;
				GCC_WARN_UNINITIALIZED_AUTOS = YES_AGGRESSIVE;
				GCC_WARN_UNUSED_FUNCTION = YES;
				GCC_WARN_UNUSED_VARIABLE = YES;
				MACOSX_DEPLOYMENT_TARGET = 10.10;
				MTL_ENABLE_DEBUG_INFO = NO;
				SDKROOT = macosx;
			};
			name = Release;
		};
		178EAA891A8256BA004E6311 /* Debug */ = {
			isa = XCBuildConfiguration;
			buildSettings = {
				PRODUCT_NAME = "$(TARGET_NAME)";
			};
			name = Debug;
		};
		178EAA8A1A8256BA004E6311 /* Release */ = {
			isa = XCBuildConfiguration;
			buildSettings = {
				PRODUCT_NAME = "$(TARGET_NAME)";
			};
			name = Release;
		};
/* End XCBuildConfiguration section */

/* Begin XCConfigurationList section */
		178EAA7C1A8256BA004E6311 /* Build configuration list for PBXProject "Atividade2" */ = {
			isa = XCConfigurationList;
			buildConfigurations = (
				178EAA861A8256BA004E6311 /* Debug */,
				178EAA871A8256BA004E6311 /* Release */,
			);
			defaultConfigurationIsVisible = 0;
			defaultConfigurationName = Release;
		};
		178EAA881A8256BA004E6311 /* Build configuration list for PBXNativeTarget "Atividade2" */ = {
			isa = XCConfigurationList;
			buildConfigurations = (
				178EAA891A8256BA004E6311 /* Debug */,
				178EAA8A1A8256BA004E6311 /* Release */,
			);
			defaultConfigurationIsVisible = 0;
		};
/* End XCConfigurationList section */
	};
	rootObject = 178EAA791A8256BA004E6311 /* Project object */;
}
