// !$*UTF8*$!
{
	archiveVersion = 1;
	classes = {
	};
	objectVersion = 46;
	objects = {

/* Begin PBXBuildFile section */
		174B0E5E1A8CD9800037DAF4 /* main.m in Sources */ = {isa = PBXBuildFile; fileRef = 174B0E5D1A8CD9800037DAF4 /* main.m */; };
		174B0E661A8CD9D50037DAF4 /* Hashtable.m in Sources */ = {isa = PBXBuildFile; fileRef = 174B0E651A8CD9D50037DAF4 /* Hashtable.m */; };
/* End PBXBuildFile section */

/* Begin PBXCopyFilesBuildPhase section */
		174B0E581A8CD9800037DAF4 /* CopyFiles */ = {
			isa = PBXCopyFilesBuildPhase;
			buildActionMask = 2147483647;
			dstPath = /usr/share/man/man1/;
			dstSubfolderSpec = 0;
			files = (
			);
			runOnlyForDeploymentPostprocessing = 1;
		};
/* End PBXCopyFilesBuildPhase section */

/* Begin PBXFileReference section */
		174B0E5A1A8CD9800037DAF4 /* ProbingHashtable */ = {isa = PBXFileReference; explicitFileType = "compiled.mach-o.executable"; includeInIndex = 0; path = ProbingHashtable; sourceTree = BUILT_PRODUCTS_DIR; };
		174B0E5D1A8CD9800037DAF4 /* main.m */ = {isa = PBXFileReference; lastKnownFileType = sourcecode.c.objc; path = main.m; sourceTree = "<group>"; };
		174B0E641A8CD9D50037DAF4 /* Hashtable.h */ = {isa = PBXFileReference; fileEncoding = 4; lastKnownFileType = sourcecode.c.h; path = Hashtable.h; sourceTree = "<group>"; };
		174B0E651A8CD9D50037DAF4 /* Hashtable.m */ = {isa = PBXFileReference; fileEncoding = 4; lastKnownFileType = sourcecode.c.objc; path = Hashtable.m; sourceTree = "<group>"; };
/* End PBXFileReference section */

/* Begin PBXFrameworksBuildPhase section */
		174B0E571A8CD9800037DAF4 /* Frameworks */ = {
			isa = PBXFrameworksBuildPhase;
			buildActionMask = 2147483647;
			files = (
			);
			runOnlyForDeploymentPostprocessing = 0;
		};
/* End PBXFrameworksBuildPhase section */

/* Begin PBXGroup section */
		174B0E511A8CD9800037DAF4 = {
			isa = PBXGroup;
			children = (
				174B0E5C1A8CD9800037DAF4 /* ProbingHashtable */,
				174B0E5B1A8CD9800037DAF4 /* Products */,
			);
			sourceTree = "<group>";
		};
		174B0E5B1A8CD9800037DAF4 /* Products */ = {
			isa = PBXGroup;
			children = (
				174B0E5A1A8CD9800037DAF4 /* ProbingHashtable */,
			);
			name = Products;
			sourceTree = "<group>";
		};
		174B0E5C1A8CD9800037DAF4 /* ProbingHashtable */ = {
			isa = PBXGroup;
			children = (
				174B0E5D1A8CD9800037DAF4 /* main.m */,
				174B0E641A8CD9D50037DAF4 /* Hashtable.h */,
				174B0E651A8CD9D50037DAF4 /* Hashtable.m */,
			);
			path = ProbingHashtable;
			sourceTree = "<group>";
		};
/* End PBXGroup section */

/* Begin PBXNativeTarget section */
		174B0E591A8CD9800037DAF4 /* ProbingHashtable */ = {
			isa = PBXNativeTarget;
			buildConfigurationList = 174B0E611A8CD9800037DAF4 /* Build configuration list for PBXNativeTarget "ProbingHashtable" */;
			buildPhases = (
				174B0E561A8CD9800037DAF4 /* Sources */,
				174B0E571A8CD9800037DAF4 /* Frameworks */,
				174B0E581A8CD9800037DAF4 /* CopyFiles */,
			);
			buildRules = (
			);
			dependencies = (
			);
			name = ProbingHashtable;
			productName = ProbingHashtable;
			productReference = 174B0E5A1A8CD9800037DAF4 /* ProbingHashtable */;
			productType = "com.apple.product-type.tool";
		};
/* End PBXNativeTarget section */

/* Begin PBXProject section */
		174B0E521A8CD9800037DAF4 /* Project object */ = {
			isa = PBXProject;
			attributes = {
				LastUpgradeCheck = 0610;
				ORGANIZATIONNAME = "Guilherme Bayma";
				TargetAttributes = {
					174B0E591A8CD9800037DAF4 = {
						CreatedOnToolsVersion = 6.1.1;
					};
				};
			};
			buildConfigurationList = 174B0E551A8CD9800037DAF4 /* Build configuration list for PBXProject "ProbingHashtable" */;
			compatibilityVersion = "Xcode 3.2";
			developmentRegion = English;
			hasScannedForEncodings = 0;
			knownRegions = (
				en,
			);
			mainGroup = 174B0E511A8CD9800037DAF4;
			productRefGroup = 174B0E5B1A8CD9800037DAF4 /* Products */;
			projectDirPath = "";
			projectRoot = "";
			targets = (
				174B0E591A8CD9800037DAF4 /* ProbingHashtable */,
			);
		};
/* End PBXProject section */

/* Begin PBXSourcesBuildPhase section */
		174B0E561A8CD9800037DAF4 /* Sources */ = {
			isa = PBXSourcesBuildPhase;
			buildActionMask = 2147483647;
			files = (
				174B0E661A8CD9D50037DAF4 /* Hashtable.m in Sources */,
				174B0E5E1A8CD9800037DAF4 /* main.m in Sources */,
			);
			runOnlyForDeploymentPostprocessing = 0;
		};
/* End PBXSourcesBuildPhase section */

/* Begin XCBuildConfiguration section */
		174B0E5F1A8CD9800037DAF4 /* Debug */ = {
			isa = XCBuildConfiguration;
			buildSettings = {
				ALWAYS_SEARCH_USER_PATHS = NO;
				CLANG_CXX_LANGUAGE_STANDARD = "gnu++0x";
				CLANG_CXX_LIBRARY = "libc++";
				CLANG_ENABLE_MODULES = YES;
				CLANG_ENABLE_OBJC_ARC = YES;
				CLANG_WARN_BOOL_CONVERSION = YES;
				CLANG_WARN_CONSTANT_CONVERSION = YES;
				CLANG_WARN_DIRECT_OBJC_ISA_USAGE = YES_ERROR;
				CLANG_WARN_EMPTY_BODY = YES;
				CLANG_WARN_ENUM_CONVERSION = YES;
				CLANG_WARN_INT_CONVERSION = YES;
				CLANG_WARN_OBJC_ROOT_CLASS = YES_ERROR;
				CLANG_WARN_UNREACHABLE_CODE = YES;
				CLANG_WARN__DUPLICATE_METHOD_MATCH = YES;
				COPY_PHASE_STRIP = NO;
				ENABLE_STRICT_OBJC_MSGSEND = YES;
				GCC_C_LANGUAGE_STANDARD = gnu99;
				GCC_DYNAMIC_NO_PIC = NO;
				GCC_OPTIMIZATION_LEVEL = 0;
				GCC_PREPROCESSOR_DEFINITIONS = (
					"DEBUG=1",
					"$(inherited)",
				);
				GCC_SYMBOLS_PRIVATE_EXTERN = NO;
				GCC_WARN_64_TO_32_BIT_CONVERSION = YES;
				GCC_WARN_ABOUT_RETURN_TYPE = YES_ERROR;
				GCC_WARN_UNDECLARED_SELECTOR = YES;
				GCC_WARN_UNINITIALIZED_AUTOS = YES_AGGRESSIVE;
				GCC_WARN_UNUSED_FUNCTION = YES;
				GCC_WARN_UNUSED_VARIABLE = YES;
				MACOSX_DEPLOYMENT_TARGET = 10.10;
				MTL_ENABLE_DEBUG_INFO = YES;
				ONLY_ACTIVE_ARCH = YES;
				SDKROOT = macosx;
			};
			name = Debug;
		};
		174B0E601A8CD9800037DAF4 /* Release */ = {
			isa = XCBuildConfiguration;
			buildSettings = {
				ALWAYS_SEARCH_USER_PATHS = NO;
				CLANG_CXX_LANGUAGE_STANDARD = "gnu++0x";
				CLANG_CXX_LIBRARY = "libc++";
				CLANG_ENABLE_MODULES = YES;
				CLANG_ENABLE_OBJC_ARC = YES;
				CLANG_WARN_BOOL_CONVERSION = YES;
				CLANG_WARN_CONSTANT_CONVERSION = YES;
				CLANG_WARN_DIRECT_OBJC_ISA_USAGE = YES_ERROR;
				CLANG_WARN_EMPTY_BODY = YES;
				CLANG_WARN_ENUM_CONVERSION = YES;
				CLANG_WARN_INT_CONVERSION = YES;
				CLANG_WARN_OBJC_ROOT_CLASS = YES_ERROR;
				CLANG_WARN_UNREACHABLE_CODE = YES;
				CLANG_WARN__DUPLICATE_METHOD_MATCH = YES;
				COPY_PHASE_STRIP = YES;
				DEBUG_INFORMATION_FORMAT = "dwarf-with-dsym";
				ENABLE_NS_ASSERTIONS = NO;
				ENABLE_STRICT_OBJC_MSGSEND = YES;
				GCC_C_LANGUAGE_STANDARD = gnu99;
				GCC_WARN_64_TO_32_BIT_CONVERSION = YES;
				GCC_WARN_ABOUT_RETURN_TYPE = YES_ERROR;
				GCC_WARN_UNDECLARED_SELECTOR = YES;
				GCC_WARN_UNINITIALIZED_AUTOS = YES_AGGRESSIVE;
				GCC_WARN_UNUSED_FUNCTION = YES;
				GCC_WARN_UNUSED_VARIABLE = YES;
				MACOSX_DEPLOYMENT_TARGET = 10.10;
				MTL_ENABLE_DEBUG_INFO = NO;
				SDKROOT = macosx;
			};
			name = Release;
		};
		174B0E621A8CD9800037DAF4 /* Debug */ = {
			isa = XCBuildConfiguration;
			buildSettings = {
				PRODUCT_NAME = "$(TARGET_NAME)";
			};
			name = Debug;
		};
		174B0E631A8CD9800037DAF4 /* Release */ = {
			isa = XCBuildConfiguration;
			buildSettings = {
				PRODUCT_NAME = "$(TARGET_NAME)";
			};
			name = Release;
		};
/* End XCBuildConfiguration section */

/* Begin XCConfigurationList section */
		174B0E551A8CD9800037DAF4 /* Build configuration list for PBXProject "ProbingHashtable" */ = {
			isa = XCConfigurationList;
			buildConfigurations = (
				174B0E5F1A8CD9800037DAF4 /* Debug */,
				174B0E601A8CD9800037DAF4 /* Release */,
			);
			defaultConfigurationIsVisible = 0;
			defaultConfigurationName = Release;
		};
		174B0E611A8CD9800037DAF4 /* Build configuration list for PBXNativeTarget "ProbingHashtable" */ = {
			isa = XCConfigurationList;
			buildConfigurations = (
				174B0E621A8CD9800037DAF4 /* Debug */,
				174B0E631A8CD9800037DAF4 /* Release */,
			);
			defaultConfigurationIsVisible = 0;
		};
/* End XCConfigurationList section */
	};
	rootObject = 174B0E521A8CD9800037DAF4 /* Project object */;
}
